
Microsoft Visual Studio Solution File, Format Version 12.00
# Visual Studio Version 17
VisualStudioVersion = 17.5.002.0
MinimumVisualStudioVersion = 10.0.40219.1
Project("{9A19103F-16F7-4668-BE54-9A1E7A4F7556}") = "MODULOAPI", "MODULOAPI.csproj", "{B8533979-C592-4415-AD17-E5BEA16720CE}"
EndProject
Global
	GlobalSection(SolutionConfigurationPlatforms) = preSolution
		Debug|Any CPU = Debug|Any CPU
		Release|Any CPU = Release|Any CPU
	EndGlobalSection
	GlobalSection(ProjectConfigurationPlatforms) = postSolution
		{B8533979-C592-4415-AD17-E5BEA16720CE}.Debug|Any CPU.ActiveCfg = Debug|Any CPU
		{B8533979-C592-4415-AD17-E5BEA16720CE}.Debug|Any CPU.Build.0 = Debug|Any CPU
		{B8533979-C592-4415-AD17-E5BEA16720CE}.Release|Any CPU.ActiveCfg = Release|Any CPU
		{B8533979-C592-4415-AD17-E5BEA16720CE}.Release|Any CPU.Build.0 = Release|Any CPU
	EndGlobalSection
	GlobalSection(SolutionProperties) = preSolution
		HideSolutionNode = FALSE
	EndGlobalSection
	GlobalSection(ExtensibilityGlobals) = postSolution
		SolutionGuid = {37FFA241-1451-482F-B31F-C51E032B31D8}
	EndGlobalSection
EndGlobal
